{
  "nodes": {
    "nixpkgs": {
      "locked": {
        "lastModified": 1779911860,
        "narHash": "sha256-ubcLAcKBDCZjhxw/kH5DL5GdBZQdzLqpkTe7HonvJVs=",
        "owner": "NixOS",
        "repo": "nixpkgs",
        "rev": "c0a89c379b4ac67c7b13b051ddbd4e0dbc9b0eaf",
        "type": "github"
      },
      "original": {
        "owner": "NixOS",
        "ref": "nixos-unstable",
        "repo": "nixpkgs",
        "type": "github"
      }
    },
    "root": {
      "inputs": {
        "nixpkgs": "nixpkgs",
        "rust-overlay": "rust-overlay"
      }
    },
    "rust-overlay": {
      "inputs": {
        "nixpkgs": [
          "nixpkgs"
        ]
      },
      "locked": {
        "lastModified": 1789024335,
        "narHash": "sha256-kCy/MVLRIr95DJ4vspVzWj+kO/x+JuwSHmYZCvShg8w=",
        "owner": "oxalica",
        "repo": "rust-overlay",
        "rev": "577bb1e1fc5af0713169176c5c76622c21fa3ec0",
        "type": "github"
      },
      "original": {
        "owner": "oxalica",
        "repo": "rust-overlay",
        "type": "github"
      }
    }
  },
  "root": "root",
  "version": 7
}
